// !$*UTF8*$!
{
	archiveVersion = 1;
	classes = {
	};
	objectVersion = 46;
	objects = {

/* Begin PBXBuildFile section */
		8C65EF0C1EE639FC00238393 /* AppDelegate.swift in Sources */ = {isa = PBXBuildFile; fileRef = 8C65EF0B1EE639FC00238393 /* AppDelegate.swift */; };
		8C65EF0E1EE639FC00238393 /* RootController.swift in Sources */ = {isa = PBXBuildFile; fileRef = 8C65EF0D1EE639FC00238393 /* RootController.swift */; };
		8C65EF131EE639FC00238393 /* Assets.xcassets in Resources */ = {isa = PBXBuildFile; fileRef = 8C65EF121EE639FC00238393 /* Assets.xcassets */; };
		8C65EF161EE639FC00238393 /* LaunchScreen.storyboard in Resources */ = {isa = PBXBuildFile; fileRef = 8C65EF141EE639FC00238393 /* LaunchScreen.storyboard */; };
		8C9047131EF4F15A008EDEB9 /* PhotoCell.swift in Sources */ = {isa = PBXBuildFile; fileRef = 8C9047121EF4F15A008EDEB9 /* PhotoCell.swift */; };
		8CA21EBB1F60D554007F2964 /* reelcut-120x120.png in Resources */ = {isa = PBXBuildFile; fileRef = 8CA21EBA1F60D554007F2964 /* reelcut-120x120.png */; };
		8CA21EBE1F60D5C7007F2964 /* reelcut-512x512.png in Resources */ = {isa = PBXBuildFile; fileRef = 8CA21EBC1F60D5C7007F2964 /* reelcut-512x512.png */; };
		8CA21EBF1F60D5C7007F2964 /* reelcut-1024x1024.png in Resources */ = {isa = PBXBuildFile; fileRef = 8CA21EBD1F60D5C7007F2964 /* reelcut-1024x1024.png */; };
		8CBB54591F52804A006FF95D /* Extensions.swift in Sources */ = {isa = PBXBuildFile; fileRef = 8CBB54581F52804A006FF95D /* Extensions.swift */; };
/* End PBXBuildFile section */

/* Begin PBXFileReference section */
		8C65EF081EE639FC00238393 /* ReelCut.app */ = {isa = PBXFileReference; explicitFileType = wrapper.application; includeInIndex = 0; path = ReelCut.app; sourceTree = BUILT_PRODUCTS_DIR; };
		8C65EF0B1EE639FC00238393 /* AppDelegate.swift */ = {isa = PBXFileReference; lastKnownFileType = sourcecode.swift; path = AppDelegate.swift; sourceTree = "<group>"; };
		8C65EF0D1EE639FC00238393 /* RootController.swift */ = {isa = PBXFileReference; lastKnownFileType = sourcecode.swift; path = RootController.swift; sourceTree = "<group>"; };
		8C65EF121EE639FC00238393 /* Assets.xcassets */ = {isa = PBXFileReference; lastKnownFileType = folder.assetcatalog; path = Assets.xcassets; sourceTree = "<group>"; };
		8C65EF151EE639FC00238393 /* Base */ = {isa = PBXFileReference; lastKnownFileType = file.storyboard; name = Base; path = Base.lproj/LaunchScreen.storyboard; sourceTree = "<group>"; };
		8C65EF171EE639FC00238393 /* Info.plist */ = {isa = PBXFileReference; lastKnownFileType = text.plist.xml; path = Info.plist; sourceTree = "<group>"; };
		8C9047121EF4F15A008EDEB9 /* PhotoCell.swift */ = {isa = PBXFileReference; fileEncoding = 4; lastKnownFileType = sourcecode.swift; path = PhotoCell.swift; sourceTree = "<group>"; };
		8CA21EBA1F60D554007F2964 /* reelcut-120x120.png */ = {isa = PBXFileReference; lastKnownFileType = image.png; path = "reelcut-120x120.png"; sourceTree = "<group>"; };
		8CA21EBC1F60D5C7007F2964 /* reelcut-512x512.png */ = {isa = PBXFileReference; lastKnownFileType = image.png; path = "reelcut-512x512.png"; sourceTree = "<group>"; };
		8CA21EBD1F60D5C7007F2964 /* reelcut-1024x1024.png */ = {isa = PBXFileReference; lastKnownFileType = image.png; path = "reelcut-1024x1024.png"; sourceTree = "<group>"; };
		8CBB54581F52804A006FF95D /* Extensions.swift */ = {isa = PBXFileReference; fileEncoding = 4; lastKnownFileType = sourcecode.swift; path = Extensions.swift; sourceTree = "<group>"; };
/* End PBXFileReference section */

/* Begin PBXFrameworksBuildPhase section */
		8C65EF051EE639FC00238393 /* Frameworks */ = {
			isa = PBXFrameworksBuildPhase;
			buildActionMask = 2147483647;
			files = (
			);
			runOnlyForDeploymentPostprocessing = 0;
		};
/* End PBXFrameworksBuildPhase section */

/* Begin PBXGroup section */
		8C65EEFF1EE639FC00238393 = {
			isa = PBXGroup;
			children = (
				8C65EF0A1EE639FC00238393 /* ReelCut */,
				8C65EF091EE639FC00238393 /* Products */,
			);
			sourceTree = "<group>";
		};
		8C65EF091EE639FC00238393 /* Products */ = {
			isa = PBXGroup;
			children = (
				8C65EF081EE639FC00238393 /* ReelCut.app */,
			);
			name = Products;
			sourceTree = "<group>";
		};
		8C65EF0A1EE639FC00238393 /* ReelCut */ = {
			isa = PBXGroup;
			children = (
				8CA21EB91F60D546007F2964 /* Images */,
				8C65EF0B1EE639FC00238393 /* AppDelegate.swift */,
				8C65EF0D1EE639FC00238393 /* RootController.swift */,
				8CBB54581F52804A006FF95D /* Extensions.swift */,
				8C9047121EF4F15A008EDEB9 /* PhotoCell.swift */,
				8C65EF121EE639FC00238393 /* Assets.xcassets */,
				8C65EF141EE639FC00238393 /* LaunchScreen.storyboard */,
				8C65EF171EE639FC00238393 /* Info.plist */,
			);
			path = ReelCut;
			sourceTree = "<group>";
		};
		8CA21EB91F60D546007F2964 /* Images */ = {
			isa = PBXGroup;
			children = (
				8CA21EBC1F60D5C7007F2964 /* reelcut-512x512.png */,
				8CA21EBD1F60D5C7007F2964 /* reelcut-1024x1024.png */,
				8CA21EBA1F60D554007F2964 /* reelcut-120x120.png */,
			);
			name = Images;
			sourceTree = "<group>";
		};
/* End PBXGroup section */

/* Begin PBXNativeTarget section */
		8C65EF071EE639FC00238393 /* ReelCut */ = {
			isa = PBXNativeTarget;
			buildConfigurationList = 8C65EF1A1EE639FC00238393 /* Build configuration list for PBXNativeTarget "ReelCut" */;
			buildPhases = (
				8C65EF041EE639FC00238393 /* Sources */,
				8C65EF051EE639FC00238393 /* Frameworks */,
				8C65EF061EE639FC00238393 /* Resources */,
			);
			buildRules = (
			);
			dependencies = (
			);
			name = ReelCut;
			productName = ReelCut;
			productReference = 8C65EF081EE639FC00238393 /* ReelCut.app */;
			productType = "com.apple.product-type.application";
		};
/* End PBXNativeTarget section */

/* Begin PBXProject section */
		8C65EF001EE639FC00238393 /* Project object */ = {
			isa = PBXProject;
			attributes = {
				LastSwiftUpdateCheck = 0830;
				LastUpgradeCheck = 0830;
				ORGANIZATIONNAME = "Francisco Arrieta";
				TargetAttributes = {
					8C65EF071EE639FC00238393 = {
						CreatedOnToolsVersion = 8.3.2;
						DevelopmentTeam = F9J6KGE3KA;
						ProvisioningStyle = Automatic;
					};
				};
			};
			buildConfigurationList = 8C65EF031EE639FC00238393 /* Build configuration list for PBXProject "ReelCut" */;
			compatibilityVersion = "Xcode 3.2";
			developmentRegion = English;
			hasScannedForEncodings = 0;
			knownRegions = (
				en,
				Base,
			);
			mainGroup = 8C65EEFF1EE639FC00238393;
			productRefGroup = 8C65EF091EE639FC00238393 /* Products */;
			projectDirPath = "";
			projectRoot = "";
			targets = (
				8C65EF071EE639FC00238393 /* ReelCut */,
			);
		};
/* End PBXProject section */

/* Begin PBXResourcesBuildPhase section */
		8C65EF061EE639FC00238393 /* Resources */ = {
			isa = PBXResourcesBuildPhase;
			buildActionMask = 2147483647;
			files = (
				8C65EF161EE639FC00238393 /* LaunchScreen.storyboard in Resources */,
				8CA21EBF1F60D5C7007F2964 /* reelcut-1024x1024.png in Resources */,
				8CA21EBB1F60D554007F2964 /* reelcut-120x120.png in Resources */,
				8C65EF131EE639FC00238393 /* Assets.xcassets in Resources */,
				8CA21EBE1F60D5C7007F2964 /* reelcut-512x512.png in Resources */,
			);
			runOnlyForDeploymentPostprocessing = 0;
		};
/* End PBXResourcesBuildPhase section */

/* Begin PBXSourcesBuildPhase section */
		8C65EF041EE639FC00238393 /* Sources */ = {
			isa = PBXSourcesBuildPhase;
			buildActionMask = 2147483647;
			files = (
				8C65EF0E1EE639FC00238393 /* RootController.swift in Sources */,
				8C9047131EF4F15A008EDEB9 /* PhotoCell.swift in Sources */,
				8C65EF0C1EE639FC00238393 /* AppDelegate.swift in Sources */,
				8CBB54591F52804A006FF95D /* Extensions.swift in Sources */,
			);
			runOnlyForDeploymentPostprocessing = 0;
		};
/* End PBXSourcesBuildPhase section */

/* Begin PBXVariantGroup section */
		8C65EF141EE639FC00238393 /* LaunchScreen.storyboard */ = {
			isa = PBXVariantGroup;
			children = (
				8C65EF151EE639FC00238393 /* Base */,
			);
			name = LaunchScreen.storyboard;
			sourceTree = "<group>";
		};
/* End PBXVariantGroup section */

/* Begin XCBuildConfiguration section */
		8C65EF181EE639FC00238393 /* Debug */ = {
			isa = XCBuildConfiguration;
			buildSettings = {
				ALWAYS_SEARCH_USER_PATHS = NO;
				CLANG_ANALYZER_NONNULL = YES;
				CLANG_ANALYZER_NUMBER_OBJECT_CONVERSION = YES_AGGRESSIVE;
				CLANG_CXX_LANGUAGE_STANDARD = "gnu++0x";
				CLANG_CXX_LIBRARY = "libc++";
				CLANG_ENABLE_MODULES = YES;
				CLANG_ENABLE_OBJC_ARC = YES;
				CLANG_WARN_BOOL_CONVERSION = YES;
				CLANG_WARN_CONSTANT_CONVERSION = YES;
				CLANG_WARN_DIRECT_OBJC_ISA_USAGE = YES_ERROR;
				CLANG_WARN_DOCUMENTATION_COMMENTS = YES;
				CLANG_WARN_EMPTY_BODY = YES;
				CLANG_WARN_ENUM_CONVERSION = YES;
				CLANG_WARN_INFINITE_RECURSION = YES;
				CLANG_WARN_INT_CONVERSION = YES;
				CLANG_WARN_OBJC_ROOT_CLASS = YES_ERROR;
				CLANG_WARN_SUSPICIOUS_MOVE = YES;
				CLANG_WARN_UNREACHABLE_CODE = YES;
				CLANG_WARN__DUPLICATE_METHOD_MATCH = YES;
				"CODE_SIGN_IDENTITY[sdk=iphoneos*]" = "iPhone Developer";
				COPY_PHASE_STRIP = NO;
				DEBUG_INFORMATION_FORMAT = dwarf;
				ENABLE_STRICT_OBJC_MSGSEND = YES;
				ENABLE_TESTABILITY = YES;
				GCC_C_LANGUAGE_STANDARD = gnu99;
				GCC_DYNAMIC_NO_PIC = NO;
				GCC_NO_COMMON_BLOCKS = YES;
				GCC_OPTIMIZATION_LEVEL = 0;
				GCC_PREPROCESSOR_DEFINITIONS = (
					"DEBUG=1",
					"$(inherited)",
				);
				GCC_WARN_64_TO_32_BIT_CONVERSION = YES;
				GCC_WARN_ABOUT_RETURN_TYPE = YES_ERROR;
				GCC_WARN_UNDECLARED_SELECTOR = YES;
				GCC_WARN_UNINITIALIZED_AUTOS = YES_AGGRESSIVE;
				GCC_WARN_UNUSED_FUNCTION = YES;
				GCC_WARN_UNUSED_VARIABLE = YES;
				IPHONEOS_DEPLOYMENT_TARGET = 10.3;
				MTL_ENABLE_DEBUG_INFO = YES;
				ONLY_ACTIVE_ARCH = YES;
				SDKROOT = iphoneos;
				SWIFT_ACTIVE_COMPILATION_CONDITIONS = DEBUG;
				SWIFT_OPTIMIZATION_LEVEL = "-Onone";
				TARGETED_DEVICE_FAMILY = "1,2";
			};
			name = Debug;
		};
		8C65EF191EE639FC00238393 /* Release */ = {
			isa = XCBuildConfiguration;
			buildSettings = {
				ALWAYS_SEARCH_USER_PATHS = NO;
				CLANG_ANALYZER_NONNULL = YES;
				CLANG_ANALYZER_NUMBER_OBJECT_CONVERSION = YES_AGGRESSIVE;
				CLANG_CXX_LANGUAGE_STANDARD = "gnu++0x";
				CLANG_CXX_LIBRARY = "libc++";
				CLANG_ENABLE_MODULES = YES;
				CLANG_ENABLE_OBJC_ARC = YES;
				CLANG_WARN_BOOL_CONVERSION = YES;
				CLANG_WARN_CONSTANT_CONVERSION = YES;
				CLANG_WARN_DIRECT_OBJC_ISA_USAGE = YES_ERROR;
				CLANG_WARN_DOCUMENTATION_COMMENTS = YES;
				CLANG_WARN_EMPTY_BODY = YES;
				CLANG_WARN_ENUM_CONVERSION = YES;
				CLANG_WARN_INFINITE_RECURSION = YES;
				CLANG_WARN_INT_CONVERSION = YES;
				CLANG_WARN_OBJC_ROOT_CLASS = YES_ERROR;
				CLANG_WARN_SUSPICIOUS_MOVE = YES;
				CLANG_WARN_UNREACHABLE_CODE = YES;
				CLANG_WARN__DUPLICATE_METHOD_MATCH = YES;
				"CODE_SIGN_IDENTITY[sdk=iphoneos*]" = "iPhone Developer";
				COPY_PHASE_STRIP = NO;
				DEBUG_INFORMATION_FORMAT = "dwarf-with-dsym";
				ENABLE_NS_ASSERTIONS = NO;
				ENABLE_STRICT_OBJC_MSGSEND = YES;
				GCC_C_LANGUAGE_STANDARD = gnu99;
				GCC_NO_COMMON_BLOCKS = YES;
				GCC_WARN_64_TO_32_BIT_CONVERSION = YES;
				GCC_WARN_ABOUT_RETURN_TYPE = YES_ERROR;
				GCC_WARN_UNDECLARED_SELECTOR = YES;
				GCC_WARN_UNINITIALIZED_AUTOS = YES_AGGRESSIVE;
				GCC_WARN_UNUSED_FUNCTION = YES;
				GCC_WARN_UNUSED_VARIABLE = YES;
				IPHONEOS_DEPLOYMENT_TARGET = 10.3;
				MTL_ENABLE_DEBUG_INFO = NO;
				SDKROOT = iphoneos;
				SWIFT_OPTIMIZATION_LEVEL = "-Owholemodule";
				TARGETED_DEVICE_FAMILY = "1,2";
				VALIDATE_PRODUCT = YES;
			};
			name = Release;
		};
		8C65EF1B1EE639FC00238393 /* Debug */ = {
			isa = XCBuildConfiguration;
			buildSettings = {
				ASSETCATALOG_COMPILER_APPICON_NAME = AppIcon;
				DEVELOPMENT_TEAM = F9J6KGE3KA;
				INFOPLIST_FILE = ReelCut/Info.plist;
				LD_RUNPATH_SEARCH_PATHS = "$(inherited) @executable_path/Frameworks";
				PRODUCT_BUNDLE_IDENTIFIER = lil9porkchop.ReelCut;
				PRODUCT_NAME = "$(TARGET_NAME)";
				SWIFT_VERSION = 3.0;
			};
			name = Debug;
		};
		8C65EF1C1EE639FC00238393 /* Release */ = {
			isa = XCBuildConfiguration;
			buildSettings = {
				ASSETCATALOG_COMPILER_APPICON_NAME = AppIcon;
				DEVELOPMENT_TEAM = F9J6KGE3KA;
				INFOPLIST_FILE = ReelCut/Info.plist;
				LD_RUNPATH_SEARCH_PATHS = "$(inherited) @executable_path/Frameworks";
				PRODUCT_BUNDLE_IDENTIFIER = lil9porkchop.ReelCut;
				PRODUCT_NAME = "$(TARGET_NAME)";
				SWIFT_VERSION = 3.0;
			};
			name = Release;
		};
/* End XCBuildConfiguration section */

/* Begin XCConfigurationList section */
		8C65EF031EE639FC00238393 /* Build configuration list for PBXProject "ReelCut" */ = {
			isa = XCConfigurationList;
			buildConfigurations = (
				8C65EF181EE639FC00238393 /* Debug */,
				8C65EF191EE639FC00238393 /* Release */,
			);
			defaultConfigurationIsVisible = 0;
			defaultConfigurationName = Release;
		};
		8C65EF1A1EE639FC00238393 /* Build configuration list for PBXNativeTarget "ReelCut" */ = {
			isa = XCConfigurationList;
			buildConfigurations = (
				8C65EF1B1EE639FC00238393 /* Debug */,
				8C65EF1C1EE639FC00238393 /* Release */,
			);
			defaultConfigurationIsVisible = 0;
			defaultConfigurationName = Release;
		};
/* End XCConfigurationList section */
	};
	rootObject = 8C65EF001EE639FC00238393 /* Project object */;
}
